
Microsoft Visual Studio Solution File, Format Version 12.00
# Visual Studio Version 17
VisualStudioVersion = 17.11.35431.28
MinimumVisualStudioVersion = 10.0.40219.1
Project("{9A19103F-16F7-4668-BE54-9A1E7A4F7556}") = "AdvExamples", "AdvExamples\AdvExamples.csproj", "{0FA841D3-3B1F-4836-A6BF-9755E86B9031}"
EndProject
Project("{9A19103F-16F7-4668-BE54-9A1E7A4F7556}") = "AdvLanguages", "AdvLanguages\AdvLanguages.csproj", "{1856CA54-73EA-4CCD-A7FF-B1085390AE96}"
EndProject
Project("{9A19103F-16F7-4668-BE54-9A1E7A4F7556}") = "AdvShape", "AdvShape\AdvShape.csproj", "{D7AD81C9-C3E4-496A-BFAE-FB2565A41014}"
EndProject
Project("{9A19103F-16F7-4668-BE54-9A1E7A4F7556}") = "AdvEngine", "AdvEngine\AdvEngine.csproj", "{C5E9B346-A5A9-47C0-8825-72395C4D74E4}"
EndProject
Project("{9A19103F-16F7-4668-BE54-9A1E7A4F7556}") = "AdvExceptions", "AdvExceptions\AdvExceptions.csproj", "{8F708887-DB63-42F4-B85A-A6F6F164ACF2}"
EndProject
Project("{9A19103F-16F7-4668-BE54-9A1E7A4F7556}") = "Stacks", "Stacks\Stacks.csproj", "{D39C9DEB-DA56-447A-9173-109F9B7B3E43}"
EndProject
Project("{9A19103F-16F7-4668-BE54-9A1E7A4F7556}") = "AdvDictionaries", "Dictionaries\AdvDictionaries.csproj", "{6D9D5DE4-A7C0-442A-8F3A-DD42A4171E41}"
EndProject
Project("{9A19103F-16F7-4668-BE54-9A1E7A4F7556}") = "AdvGarage", "AdvGarage\AdvGarage.csproj", "{F26E962F-E0DA-4E22-9A86-8CAF3AEE4D5B}"
EndProject
Project("{FAE04EC0-301F-11D3-BF4B-00C04F79EFBC}") = "AdvGenerics", "AdvGenerics\AdvGenerics.csproj", "{09213F12-2F84-4002-BA09-549918365D79}"
EndProject
Global
	GlobalSection(SolutionConfigurationPlatforms) = preSolution
		Debug|Any CPU = Debug|Any CPU
		Release|Any CPU = Release|Any CPU
	EndGlobalSection
	GlobalSection(ProjectConfigurationPlatforms) = postSolution
		{0FA841D3-3B1F-4836-A6BF-9755E86B9031}.Debug|Any CPU.ActiveCfg = Debug|Any CPU
		{0FA841D3-3B1F-4836-A6BF-9755E86B9031}.Debug|Any CPU.Build.0 = Debug|Any CPU
		{0FA841D3-3B1F-4836-A6BF-9755E86B9031}.Release|Any CPU.ActiveCfg = Release|Any CPU
		{0FA841D3-3B1F-4836-A6BF-9755E86B9031}.Release|Any CPU.Build.0 = Release|Any CPU
		{1856CA54-73EA-4CCD-A7FF-B1085390AE96}.Debug|Any CPU.ActiveCfg = Debug|Any CPU
		{1856CA54-73EA-4CCD-A7FF-B1085390AE96}.Debug|Any CPU.Build.0 = Debug|Any CPU
		{1856CA54-73EA-4CCD-A7FF-B1085390AE96}.Release|Any CPU.ActiveCfg = Release|Any CPU
		{1856CA54-73EA-4CCD-A7FF-B1085390AE96}.Release|Any CPU.Build.0 = Release|Any CPU
		{D7AD81C9-C3E4-496A-BFAE-FB2565A41014}.Debug|Any CPU.ActiveCfg = Debug|Any CPU
		{D7AD81C9-C3E4-496A-BFAE-FB2565A41014}.Debug|Any CPU.Build.0 = Debug|Any CPU
		{D7AD81C9-C3E4-496A-BFAE-FB2565A41014}.Release|Any CPU.ActiveCfg = Release|Any CPU
		{D7AD81C9-C3E4-496A-BFAE-FB2565A41014}.Release|Any CPU.Build.0 = Release|Any CPU
		{C5E9B346-A5A9-47C0-8825-72395C4D74E4}.Debug|Any CPU.ActiveCfg = Debug|Any CPU
		{C5E9B346-A5A9-47C0-8825-72395C4D74E4}.Debug|Any CPU.Build.0 = Debug|Any CPU
		{C5E9B346-A5A9-47C0-8825-72395C4D74E4}.Release|Any CPU.ActiveCfg = Release|Any CPU
		{C5E9B346-A5A9-47C0-8825-72395C4D74E4}.Release|Any CPU.Build.0 = Release|Any CPU
		{8F708887-DB63-42F4-B85A-A6F6F164ACF2}.Debug|Any CPU.ActiveCfg = Debug|Any CPU
		{8F708887-DB63-42F4-B85A-A6F6F164ACF2}.Debug|Any CPU.Build.0 = Debug|Any CPU
		{8F708887-DB63-42F4-B85A-A6F6F164ACF2}.Release|Any CPU.ActiveCfg = Release|Any CPU
		{8F708887-DB63-42F4-B85A-A6F6F164ACF2}.Release|Any CPU.Build.0 = Release|Any CPU
		{D39C9DEB-DA56-447A-9173-109F9B7B3E43}.Debug|Any CPU.ActiveCfg = Debug|Any CPU
		{D39C9DEB-DA56-447A-9173-109F9B7B3E43}.Debug|Any CPU.Build.0 = Debug|Any CPU
		{D39C9DEB-DA56-447A-9173-109F9B7B3E43}.Release|Any CPU.ActiveCfg = Release|Any CPU
		{D39C9DEB-DA56-447A-9173-109F9B7B3E43}.Release|Any CPU.Build.0 = Release|Any CPU
		{6D9D5DE4-A7C0-442A-8F3A-DD42A4171E41}.Debug|Any CPU.ActiveCfg = Debug|Any CPU
		{6D9D5DE4-A7C0-442A-8F3A-DD42A4171E41}.Debug|Any CPU.Build.0 = Debug|Any CPU
		{6D9D5DE4-A7C0-442A-8F3A-DD42A4171E41}.Release|Any CPU.ActiveCfg = Release|Any CPU
		{6D9D5DE4-A7C0-442A-8F3A-DD42A4171E41}.Release|Any CPU.Build.0 = Release|Any CPU
		{F26E962F-E0DA-4E22-9A86-8CAF3AEE4D5B}.Debug|Any CPU.ActiveCfg = Debug|Any CPU
		{F26E962F-E0DA-4E22-9A86-8CAF3AEE4D5B}.Debug|Any CPU.Build.0 = Debug|Any CPU
		{F26E962F-E0DA-4E22-9A86-8CAF3AEE4D5B}.Release|Any CPU.ActiveCfg = Release|Any CPU
		{F26E962F-E0DA-4E22-9A86-8CAF3AEE4D5B}.Release|Any CPU.Build.0 = Release|Any CPU
		{09213F12-2F84-4002-BA09-549918365D79}.Debug|Any CPU.ActiveCfg = Debug|Any CPU
		{09213F12-2F84-4002-BA09-549918365D79}.Debug|Any CPU.Build.0 = Debug|Any CPU
		{09213F12-2F84-4002-BA09-549918365D79}.Release|Any CPU.ActiveCfg = Release|Any CPU
		{09213F12-2F84-4002-BA09-549918365D79}.Release|Any CPU.Build.0 = Release|Any CPU
	EndGlobalSection
	GlobalSection(SolutionProperties) = preSolution
		HideSolutionNode = FALSE
	EndGlobalSection
	GlobalSection(ExtensibilityGlobals) = postSolution
		SolutionGuid = {7EDF8024-1682-403D-95DC-C21EDE91EC4A}
	EndGlobalSection
EndGlobal
